// !$*UTF8*$!
{
	archiveVersion = 1;
	classes = {
	};
	objectVersion = 48;
	objects = {

/* Begin PBXBuildFile section */
		69E786351FAA9A3C00C70758 /* StateDetailViewController.m in Sources */ = {isa = PBXBuildFile; fileRef = 69E786341FAA9A3C00C70758 /* StateDetailViewController.m */; };
		CB3525D21FAA83540041A234 /* AppDelegate.m in Sources */ = {isa = PBXBuildFile; fileRef = CB3525D11FAA83540041A234 /* AppDelegate.m */; };
		CB3525D81FAA83540041A234 /* Main.storyboard in Resources */ = {isa = PBXBuildFile; fileRef = CB3525D61FAA83540041A234 /* Main.storyboard */; };
		CB3525DA1FAA83540041A234 /* Assets.xcassets in Resources */ = {isa = PBXBuildFile; fileRef = CB3525D91FAA83540041A234 /* Assets.xcassets */; };
		CB3525DD1FAA83540041A234 /* LaunchScreen.storyboard in Resources */ = {isa = PBXBuildFile; fileRef = CB3525DB1FAA83540041A234 /* LaunchScreen.storyboard */; };
		CB3525E01FAA83540041A234 /* main.m in Sources */ = {isa = PBXBuildFile; fileRef = CB3525DF1FAA83540041A234 /* main.m */; };
		CB3525E81FAA85350041A234 /* StatesTableViewController.m in Sources */ = {isa = PBXBuildFile; fileRef = CB3525E71FAA85350041A234 /* StatesTableViewController.m */; };
		CB3525EB1FAA860C0041A234 /* StateTableViewCell.m in Sources */ = {isa = PBXBuildFile; fileRef = CB3525EA1FAA860C0041A234 /* StateTableViewCell.m */; };
		CB3525ED1FAA87540041A234 /* Flags in Resources */ = {isa = PBXBuildFile; fileRef = CB3525EC1FAA87540041A234 /* Flags */; };
		CB3525F01FAA8A690041A234 /* States.m in Sources */ = {isa = PBXBuildFile; fileRef = CB3525EF1FAA8A690041A234 /* States.m */; };
/* End PBXBuildFile section */

/* Begin PBXFileReference section */
		69E786331FAA9A3C00C70758 /* StateDetailViewController.h */ = {isa = PBXFileReference; lastKnownFileType = sourcecode.c.h; path = StateDetailViewController.h; sourceTree = "<group>"; };
		69E786341FAA9A3C00C70758 /* StateDetailViewController.m */ = {isa = PBXFileReference; lastKnownFileType = sourcecode.c.objc; path = StateDetailViewController.m; sourceTree = "<group>"; };
		CB3525CD1FAA83540041A234 /* sc00-US-States.app */ = {isa = PBXFileReference; explicitFileType = wrapper.application; includeInIndex = 0; path = "sc00-US-States.app"; sourceTree = BUILT_PRODUCTS_DIR; };
		CB3525D01FAA83540041A234 /* AppDelegate.h */ = {isa = PBXFileReference; lastKnownFileType = sourcecode.c.h; path = AppDelegate.h; sourceTree = "<group>"; };
		CB3525D11FAA83540041A234 /* AppDelegate.m */ = {isa = PBXFileReference; lastKnownFileType = sourcecode.c.objc; path = AppDelegate.m; sourceTree = "<group>"; };
		CB3525D71FAA83540041A234 /* Base */ = {isa = PBXFileReference; lastKnownFileType = file.storyboard; name = Base; path = Base.lproj/Main.storyboard; sourceTree = "<group>"; };
		CB3525D91FAA83540041A234 /* Assets.xcassets */ = {isa = PBXFileReference; lastKnownFileType = folder.assetcatalog; path = Assets.xcassets; sourceTree = "<group>"; };
		CB3525DC1FAA83540041A234 /* Base */ = {isa = PBXFileReference; lastKnownFileType = file.storyboard; name = Base; path = Base.lproj/LaunchScreen.storyboard; sourceTree = "<group>"; };
		CB3525DE1FAA83540041A234 /* Info.plist */ = {isa = PBXFileReference; lastKnownFileType = text.plist.xml; path = Info.plist; sourceTree = "<group>"; };
		CB3525DF1FAA83540041A234 /* main.m */ = {isa = PBXFileReference; lastKnownFileType = sourcecode.c.objc; path = main.m; sourceTree = "<group>"; };
		CB3525E61FAA85350041A234 /* StatesTableViewController.h */ = {isa = PBXFileReference; lastKnownFileType = sourcecode.c.h; path = StatesTableViewController.h; sourceTree = "<group>"; };
		CB3525E71FAA85350041A234 /* StatesTableViewController.m */ = {isa = PBXFileReference; lastKnownFileType = sourcecode.c.objc; path = StatesTableViewController.m; sourceTree = "<group>"; };
		CB3525E91FAA860C0041A234 /* StateTableViewCell.h */ = {isa = PBXFileReference; lastKnownFileType = sourcecode.c.h; path = StateTableViewCell.h; sourceTree = "<group>"; };
		CB3525EA1FAA860C0041A234 /* StateTableViewCell.m */ = {isa = PBXFileReference; lastKnownFileType = sourcecode.c.objc; path = StateTableViewCell.m; sourceTree = "<group>"; };
		CB3525EC1FAA87540041A234 /* Flags */ = {isa = PBXFileReference; lastKnownFileType = folder; path = Flags; sourceTree = "<group>"; };
		CB3525EE1FAA8A690041A234 /* States.h */ = {isa = PBXFileReference; lastKnownFileType = sourcecode.c.h; path = States.h; sourceTree = "<group>"; };
		CB3525EF1FAA8A690041A234 /* States.m */ = {isa = PBXFileReference; lastKnownFileType = sourcecode.c.objc; path = States.m; sourceTree = "<group>"; };
/* End PBXFileReference section */

/* Begin PBXFrameworksBuildPhase section */
		CB3525CA1FAA83540041A234 /* Frameworks */ = {
			isa = PBXFrameworksBuildPhase;
			buildActionMask = 2147483647;
			files = (
			);
			runOnlyForDeploymentPostprocessing = 0;
		};
/* End PBXFrameworksBuildPhase section */

/* Begin PBXGroup section */
		CB3525C41FAA83540041A234 = {
			isa = PBXGroup;
			children = (
				CB3525CF1FAA83540041A234 /* sc00-US-States */,
				CB3525CE1FAA83540041A234 /* Products */,
			);
			sourceTree = "<group>";
		};
		CB3525CE1FAA83540041A234 /* Products */ = {
			isa = PBXGroup;
			children = (
				CB3525CD1FAA83540041A234 /* sc00-US-States.app */,
			);
			name = Products;
			sourceTree = "<group>";
		};
		CB3525CF1FAA83540041A234 /* sc00-US-States */ = {
			isa = PBXGroup;
			children = (
				CB3525D01FAA83540041A234 /* AppDelegate.h */,
				CB3525D11FAA83540041A234 /* AppDelegate.m */,
				CB3525EE1FAA8A690041A234 /* States.h */,
				CB3525EF1FAA8A690041A234 /* States.m */,
				69E786331FAA9A3C00C70758 /* StateDetailViewController.h */,
				69E786341FAA9A3C00C70758 /* StateDetailViewController.m */,
				CB3525E61FAA85350041A234 /* StatesTableViewController.h */,
				CB3525E71FAA85350041A234 /* StatesTableViewController.m */,
				CB3525E91FAA860C0041A234 /* StateTableViewCell.h */,
				CB3525EA1FAA860C0041A234 /* StateTableViewCell.m */,
				CB3525D61FAA83540041A234 /* Main.storyboard */,
				CB3525D91FAA83540041A234 /* Assets.xcassets */,
				CB3525DB1FAA83540041A234 /* LaunchScreen.storyboard */,
				CB3525DE1FAA83540041A234 /* Info.plist */,
				CB3525DF1FAA83540041A234 /* main.m */,
				CB3525EC1FAA87540041A234 /* Flags */,
			);
			path = "sc00-US-States";
			sourceTree = "<group>";
		};
/* End PBXGroup section */

/* Begin PBXNativeTarget section */
		CB3525CC1FAA83540041A234 /* sc00-US-States */ = {
			isa = PBXNativeTarget;
			buildConfigurationList = CB3525E31FAA83540041A234 /* Build configuration list for PBXNativeTarget "sc00-US-States" */;
			buildPhases = (
				CB3525C91FAA83540041A234 /* Sources */,
				CB3525CA1FAA83540041A234 /* Frameworks */,
				CB3525CB1FAA83540041A234 /* Resources */,
			);
			buildRules = (
			);
			dependencies = (
			);
			name = "sc00-US-States";
			productName = "sc00-US-States";
			productReference = CB3525CD1FAA83540041A234 /* sc00-US-States.app */;
			productType = "com.apple.product-type.application";
		};
/* End PBXNativeTarget section */

/* Begin PBXProject section */
		CB3525C51FAA83540041A234 /* Project object */ = {
			isa = PBXProject;
			attributes = {
				LastUpgradeCheck = 0910;
				ORGANIZATIONNAME = cop2654.mdc.edu;
				TargetAttributes = {
					CB3525CC1FAA83540041A234 = {
						CreatedOnToolsVersion = 9.1;
						ProvisioningStyle = Automatic;
					};
				};
			};
			buildConfigurationList = CB3525C81FAA83540041A234 /* Build configuration list for PBXProject "sc00-US-States" */;
			compatibilityVersion = "Xcode 8.0";
			developmentRegion = en;
			hasScannedForEncodings = 0;
			knownRegions = (
				en,
				Base,
			);
			mainGroup = CB3525C41FAA83540041A234;
			productRefGroup = CB3525CE1FAA83540041A234 /* Products */;
			projectDirPath = "";
			projectRoot = "";
			targets = (
				CB3525CC1FAA83540041A234 /* sc00-US-States */,
			);
		};
/* End PBXProject section */

/* Begin PBXResourcesBuildPhase section */
		CB3525CB1FAA83540041A234 /* Resources */ = {
			isa = PBXResourcesBuildPhase;
			buildActionMask = 2147483647;
			files = (
				CB3525DD1FAA83540041A234 /* LaunchScreen.storyboard in Resources */,
				CB3525DA1FAA83540041A234 /* Assets.xcassets in Resources */,
				CB3525ED1FAA87540041A234 /* Flags in Resources */,
				CB3525D81FAA83540041A234 /* Main.storyboard in Resources */,
			);
			runOnlyForDeploymentPostprocessing = 0;
		};
/* End PBXResourcesBuildPhase section */

/* Begin PBXSourcesBuildPhase section */
		CB3525C91FAA83540041A234 /* Sources */ = {
			isa = PBXSourcesBuildPhase;
			buildActionMask = 2147483647;
			files = (
				CB3525E81FAA85350041A234 /* StatesTableViewController.m in Sources */,
				CB3525E01FAA83540041A234 /* main.m in Sources */,
				CB3525F01FAA8A690041A234 /* States.m in Sources */,
				CB3525D21FAA83540041A234 /* AppDelegate.m in Sources */,
				CB3525EB1FAA860C0041A234 /* StateTableViewCell.m in Sources */,
				69E786351FAA9A3C00C70758 /* StateDetailViewController.m in Sources */,
			);
			runOnlyForDeploymentPostprocessing = 0;
		};
/* End PBXSourcesBuildPhase section */

/* Begin PBXVariantGroup section */
		CB3525D61FAA83540041A234 /* Main.storyboard */ = {
			isa = PBXVariantGroup;
			children = (
				CB3525D71FAA83540041A234 /* Base */,
			);
			name = Main.storyboard;
			sourceTree = "<group>";
		};
		CB3525DB1FAA83540041A234 /* LaunchScreen.storyboard */ = {
			isa = PBXVariantGroup;
			children = (
				CB3525DC1FAA83540041A234 /* Base */,
			);
			name = LaunchScreen.storyboard;
			sourceTree = "<group>";
		};
/* End PBXVariantGroup section */

/* Begin XCBuildConfiguration section */
		CB3525E11FAA83540041A234 /* Debug */ = {
			isa = XCBuildConfiguration;
			buildSettings = {
				ALWAYS_SEARCH_USER_PATHS = NO;
				CLANG_ANALYZER_NONNULL = YES;
				CLANG_ANALYZER_NUMBER_OBJECT_CONVERSION = YES_AGGRESSIVE;
				CLANG_CXX_LANGUAGE_STANDARD = "gnu++14";
				CLANG_CXX_LIBRARY = "libc++";
				CLANG_ENABLE_MODULES = YES;
				CLANG_ENABLE_OBJC_ARC = YES;
				CLANG_WARN_BLOCK_CAPTURE_AUTORELEASING = YES;
				CLANG_WARN_BOOL_CONVERSION = YES;
				CLANG_WARN_COMMA = YES;
				CLANG_WARN_CONSTANT_CONVERSION = YES;
				CLANG_WARN_DIRECT_OBJC_ISA_USAGE = YES_ERROR;
				CLANG_WARN_DOCUMENTATION_COMMENTS = YES;
				CLANG_WARN_EMPTY_BODY = YES;
				CLANG_WARN_ENUM_CONVERSION = YES;
				CLANG_WARN_INFINITE_RECURSION = YES;
				CLANG_WARN_INT_CONVERSION = YES;
				CLANG_WARN_NON_LITERAL_NULL_CONVERSION = YES;
				CLANG_WARN_OBJC_LITERAL_CONVERSION = YES;
				CLANG_WARN_OBJC_ROOT_CLASS = YES_ERROR;
				CLANG_WARN_RANGE_LOOP_ANALYSIS = YES;
				CLANG_WARN_STRICT_PROTOTYPES = YES;
				CLANG_WARN_SUSPICIOUS_MOVE = YES;
				CLANG_WARN_UNGUARDED_AVAILABILITY = YES_AGGRESSIVE;
				CLANG_WARN_UNREACHABLE_CODE = YES;
				CLANG_WARN__DUPLICATE_METHOD_MATCH = YES;
				CODE_SIGN_IDENTITY = "iPhone Developer";
				COPY_PHASE_STRIP = NO;
				DEBUG_INFORMATION_FORMAT = dwarf;
				ENABLE_STRICT_OBJC_MSGSEND = YES;
				ENABLE_TESTABILITY = YES;
				GCC_C_LANGUAGE_STANDARD = gnu11;
				GCC_DYNAMIC_NO_PIC = NO;
				GCC_NO_COMMON_BLOCKS = YES;
				GCC_OPTIMIZATION_LEVEL = 0;
				GCC_PREPROCESSOR_DEFINITIONS = (
					"DEBUG=1",
					"$(inherited)",
				);
				GCC_WARN_64_TO_32_BIT_CONVERSION = YES;
				GCC_WARN_ABOUT_RETURN_TYPE = YES_ERROR;
				GCC_WARN_UNDECLARED_SELECTOR = YES;
				GCC_WARN_UNINITIALIZED_AUTOS = YES_AGGRESSIVE;
				GCC_WARN_UNUSED_FUNCTION = YES;
				GCC_WARN_UNUSED_VARIABLE = YES;
				IPHONEOS_DEPLOYMENT_TARGET = 11.1;
				MTL_ENABLE_DEBUG_INFO = YES;
				ONLY_ACTIVE_ARCH = YES;
				SDKROOT = iphoneos;
			};
			name = Debug;
		};
		CB3525E21FAA83540041A234 /* Release */ = {
			isa = XCBuildConfiguration;
			buildSettings = {
				ALWAYS_SEARCH_USER_PATHS = NO;
				CLANG_ANALYZER_NONNULL = YES;
				CLANG_ANALYZER_NUMBER_OBJECT_CONVERSION = YES_AGGRESSIVE;
				CLANG_CXX_LANGUAGE_STANDARD = "gnu++14";
				CLANG_CXX_LIBRARY = "libc++";
				CLANG_ENABLE_MODULES = YES;
				CLANG_ENABLE_OBJC_ARC = YES;
				CLANG_WARN_BLOCK_CAPTURE_AUTORELEASING = YES;
				CLANG_WARN_BOOL_CONVERSION = YES;
				CLANG_WARN_COMMA = YES;
				CLANG_WARN_CONSTANT_CONVERSION = YES;
				CLANG_WARN_DIRECT_OBJC_ISA_USAGE = YES_ERROR;
				CLANG_WARN_DOCUMENTATION_COMMENTS = YES;
				CLANG_WARN_EMPTY_BODY = YES;
				CLANG_WARN_ENUM_CONVERSION = YES;
				CLANG_WARN_INFINITE_RECURSION = YES;
				CLANG_WARN_INT_CONVERSION = YES;
				CLANG_WARN_NON_LITERAL_NULL_CONVERSION = YES;
				CLANG_WARN_OBJC_LITERAL_CONVERSION = YES;
				CLANG_WARN_OBJC_ROOT_CLASS = YES_ERROR;
				CLANG_WARN_RANGE_LOOP_ANALYSIS = YES;
				CLANG_WARN_STRICT_PROTOTYPES = YES;
				CLANG_WARN_SUSPICIOUS_MOVE = YES;
				CLANG_WARN_UNGUARDED_AVAILABILITY = YES_AGGRESSIVE;
				CLANG_WARN_UNREACHABLE_CODE = YES;
				CLANG_WARN__DUPLICATE_METHOD_MATCH = YES;
				CODE_SIGN_IDENTITY = "iPhone Developer";
				COPY_PHASE_STRIP = NO;
				DEBUG_INFORMATION_FORMAT = "dwarf-with-dsym";
				ENABLE_NS_ASSERTIONS = NO;
				ENABLE_STRICT_OBJC_MSGSEND = YES;
				GCC_C_LANGUAGE_STANDARD = gnu11;
				GCC_NO_COMMON_BLOCKS = YES;
				GCC_WARN_64_TO_32_BIT_CONVERSION = YES;
				GCC_WARN_ABOUT_RETURN_TYPE = YES_ERROR;
				GCC_WARN_UNDECLARED_SELECTOR = YES;
				GCC_WARN_UNINITIALIZED_AUTOS = YES_AGGRESSIVE;
				GCC_WARN_UNUSED_FUNCTION = YES;
				GCC_WARN_UNUSED_VARIABLE = YES;
				IPHONEOS_DEPLOYMENT_TARGET = 11.1;
				MTL_ENABLE_DEBUG_INFO = NO;
				SDKROOT = iphoneos;
				VALIDATE_PRODUCT = YES;
			};
			name = Release;
		};
		CB3525E41FAA83540041A234 /* Debug */ = {
			isa = XCBuildConfiguration;
			buildSettings = {
				ASSETCATALOG_COMPILER_APPICON_NAME = AppIcon;
				CODE_SIGN_STYLE = Automatic;
				INFOPLIST_FILE = "sc00-US-States/Info.plist";
				LD_RUNPATH_SEARCH_PATHS = "$(inherited) @executable_path/Frameworks";
				PRODUCT_BUNDLE_IDENTIFIER = "com.toyocat.sc00-US-States";
				PRODUCT_NAME = "$(TARGET_NAME)";
				TARGETED_DEVICE_FAMILY = "1,2";
			};
			name = Debug;
		};
		CB3525E51FAA83540041A234 /* Release */ = {
			isa = XCBuildConfiguration;
			buildSettings = {
				ASSETCATALOG_COMPILER_APPICON_NAME = AppIcon;
				CODE_SIGN_STYLE = Automatic;
				INFOPLIST_FILE = "sc00-US-States/Info.plist";
				LD_RUNPATH_SEARCH_PATHS = "$(inherited) @executable_path/Frameworks";
				PRODUCT_BUNDLE_IDENTIFIER = "com.toyocat.sc00-US-States";
				PRODUCT_NAME = "$(TARGET_NAME)";
				TARGETED_DEVICE_FAMILY = "1,2";
			};
			name = Release;
		};
/* End XCBuildConfiguration section */

/* Begin XCConfigurationList section */
		CB3525C81FAA83540041A234 /* Build configuration list for PBXProject "sc00-US-States" */ = {
			isa = XCConfigurationList;
			buildConfigurations = (
				CB3525E11FAA83540041A234 /* Debug */,
				CB3525E21FAA83540041A234 /* Release */,
			);
			defaultConfigurationIsVisible = 0;
			defaultConfigurationName = Release;
		};
		CB3525E31FAA83540041A234 /* Build configuration list for PBXNativeTarget "sc00-US-States" */ = {
			isa = XCConfigurationList;
			buildConfigurations = (
				CB3525E41FAA83540041A234 /* Debug */,
				CB3525E51FAA83540041A234 /* Release */,
			);
			defaultConfigurationIsVisible = 0;
			defaultConfigurationName = Release;
		};
/* End XCConfigurationList section */
	};
	rootObject = CB3525C51FAA83540041A234 /* Project object */;
}
